
Microsoft Visual Studio Solution File, Format Version 12.00
# Visual Studio 2013
VisualStudioVersion = 12.0.31101.0
MinimumVisualStudioVersion = 10.0.40219.1
Project("{FAE04EC0-301F-11D3-BF4B-00C04F79EFBC}") = "WebAPISample", "WebAPISample\WebAPISample.csproj", "{BA3BFF96-F1AD-43A3-910D-8AD0947FC77C}"
EndProject
Global
	GlobalSection(SolutionConfigurationPlatforms) = preSolution
		Debug|Any CPU = Debug|Any CPU
		Release|Any CPU = Release|Any CPU
	EndGlobalSection
	GlobalSection(ProjectConfigurationPlatforms) = postSolution
		{BA3BFF96-F1AD-43A3-910D-8AD0947FC77C}.Debug|Any CPU.ActiveCfg = Debug|Any CPU
		{BA3BFF96-F1AD-43A3-910D-8AD0947FC77C}.Debug|Any CPU.Build.0 = Debug|Any CPU
		{BA3BFF96-F1AD-43A3-910D-8AD0947FC77C}.Release|Any CPU.ActiveCfg = Release|Any CPU
		{BA3BFF96-F1AD-43A3-910D-8AD0947FC77C}.Release|Any CPU.Build.0 = Release|Any CPU
	EndGlobalSection
	GlobalSection(SolutionProperties) = preSolution
		HideSolutionNode = FALSE
	EndGlobalSection
EndGlobal
